schema: '2.0'
stages:
  train:
    cmd: python -m coffeecv.train_baseline
    deps:
    - path: coffeecv
      hash: md5
      md5: 605364f07fdb7614b223a09eac768da9.dir
      size: 77504
      nfiles: 18
    - path: dataset/2026-07-24__first_pictures
      hash: md5
      md5: 93fc7722ef59eff9b250a9d0937a6b61.dir
      size: 888285333
      nfiles: 61
    - path: dataset/classes.txt
      hash: md5
      md5: 83d6af3dde5611f406d18131552a3a57
      size: 184
    params:
      params.yaml:
        backbone_lr: 1e-05
        batch_size: 32
        classes_file: dataset/classes.txt
        color_jitter_strength: 0.2
        dataset_dir: dataset/2026-07-24__first_pictures
        dropout: 0.2
        epochs: 20
        freeze_mode: last_block
        label_smoothing: 0.0
        lr: 0.001
        model_name: resnet18
        optimizer: adamw
        patch_crop_size: 512
        patch_resize: 224
        safety_margin: 0.97
        scheduler: cosine
        seed: 42
        test_patches_per_class: 40
        train_patches_per_class: 150
        val_patches_per_class: 40
        weight_decay: 0.0001
    outs:
    - path: outputs/checkpoints/best.pt
      hash: md5
      md5: 6cb39d18419ae073d57ddd120173cdb5
      size: 44795211
    - path: outputs/checkpoints/last.pt
      hash: md5
      md5: 049389bdd57b4ff05219781d580ef463
      size: 44795211
    - path: outputs/history.json
      hash: md5
      md5: 5f897a477ad00f715eb8fd0702418373
      size: 4125
    - path: outputs/metrics.json
      hash: md5
      md5: b418741768289ef6b264d410540745f7
      size: 8166
    - path: outputs/predictions_test.csv
      hash: md5
      md5: b19024ab2b3e7ef074af6cf96e13b061
      size: 3263
    - path: outputs/predictions_val.csv
      hash: md5
      md5: 895f8bf7543eb7439a45ddcfedba47ac
      size: 3263
