schema: '2.0'
stages:
  train:
    cmd: python -m coffeecv.train_baseline
    deps:
    - path: coffeecv
      hash: md5
      md5: d2a178a8f62fb1314ba7a2158a8ac422.dir
      size: 72579
      nfiles: 18
    - path: dataset/2026-07-24__first_pictures
      hash: md5
      md5: 93fc7722ef59eff9b250a9d0937a6b61.dir
      size: 888285333
      nfiles: 61
    - path: dataset/classes.txt
      hash: md5
      md5: 83d6af3dde5611f406d18131552a3a57
      size: 184
    params:
      params.yaml:
        batch_size: 32
        classes_file: dataset/classes.txt
        dataset_dir: dataset/2026-07-24__first_pictures
        dropout: 0.2
        epochs: 20
        freeze_backbone: true
        label_smoothing: 0.0
        lr: 0.001
        model_name: mobilenet_v3_small
        optimizer: adamw
        patch_crop_size: 512
        patch_resize: 224
        safety_margin: 0.97
        scheduler: cosine
        seed: 42
        test_patches_per_class: 40
        train_patches_per_class: 150
        val_patches_per_class: 40
        weight_decay: 0.01
    outs:
    - path: outputs/checkpoints/best.pt
      hash: md5
      md5: 53ac5d87ccda1f903fed6b60620f37f3
      size: 6227945
    - path: outputs/checkpoints/last.pt
      hash: md5
      md5: 41445d97f25d3d5f7e3710a671b495fe
      size: 6227945
    - path: outputs/history.json
      hash: md5
      md5: 27d10c19f4f42f2d10a395ea1b51a104
      size: 4113
    - path: outputs/metrics.json
      hash: md5
      md5: f323140f24a4c286aee680235f0e8f25
      size: 8265
    - path: outputs/predictions_test.csv
      hash: md5
      md5: 81635d0e86d75675552756e8a005b2b1
      size: 3263
    - path: outputs/predictions_val.csv
      hash: md5
      md5: 0f6ff3f8fc95d275bbf75f5fd86bc84f
      size: 3263
