schema: '2.0'
stages:
  train:
    cmd: python -m coffeecv.train_baseline
    deps:
    - path: coffeecv
      hash: md5
      md5: 605364f07fdb7614b223a09eac768da9.dir
      size: 77504
      nfiles: 18
    - path: dataset/2026-07-24__first_pictures
      hash: md5
      md5: 93fc7722ef59eff9b250a9d0937a6b61.dir
      size: 888285333
      nfiles: 61
    - path: dataset/classes.txt
      hash: md5
      md5: 83d6af3dde5611f406d18131552a3a57
      size: 184
    params:
      params.yaml:
        backbone_lr: 1e-05
        batch_size: 32
        classes_file: dataset/classes.txt
        color_jitter_strength: 0.2
        dataset_dir: dataset/2026-07-24__first_pictures
        dropout: 0.2
        epochs: 20
        freeze_mode: none
        label_smoothing: 0.0
        lr: 0.001
        model_name: resnet18
        optimizer: sgd
        patch_crop_size: 700
        patch_resize: 224
        safety_margin: 0.97
        scheduler: cosine
        seed: 42
        test_patches_per_class: 40
        train_patches_per_class: 150
        val_patches_per_class: 40
        weight_decay: 0.0001
    outs:
    - path: outputs/checkpoints/best.pt
      hash: md5
      md5: 476e8e78e29aa80e6b5f983f0eac7ace
      size: 44795211
    - path: outputs/checkpoints/last.pt
      hash: md5
      md5: 2fcb65cbf18f0221fec744cc1051a9bc
      size: 44795211
    - path: outputs/history.json
      hash: md5
      md5: 02f404267cd4b61e6c463ce0381902d7
      size: 4112
    - path: outputs/metrics.json
      hash: md5
      md5: 747c1d80fafb7d708d679fdf4749093b
      size: 8217
    - path: outputs/predictions_test.csv
      hash: md5
      md5: 40758942ed8af1ae99e948bda93b124f
      size: 3263
    - path: outputs/predictions_val.csv
      hash: md5
      md5: d6434f717133d116b514ce02d445c340
      size: 3263
